
Microsoft Visual Studio Solution File, Format Version 12.00
# Visual Studio Version 16
VisualStudioVersion = 16.0.30611.23
MinimumVisualStudioVersion = 10.0.40219.1
Project("{8BC9CEB8-8B4A-11D0-8D11-00A0C91BC942}") = "CPP_HW3", "CPP_HW3\CPP_HW3.vcxproj", "{581FA7DE-2286-4362-BBC1-770569EC25DB}"
EndProject
Global
	GlobalSection(SolutionConfigurationPlatforms) = preSolution
		Debug|x64 = Debug|x64
		Debug|x86 = Debug|x86
		Release|x64 = Release|x64
		Release|x86 = Release|x86
	EndGlobalSection
	GlobalSection(ProjectConfigurationPlatforms) = postSolution
		{581FA7DE-2286-4362-BBC1-770569EC25DB}.Debug|x64.ActiveCfg = Debug|x64
		{581FA7DE-2286-4362-BBC1-770569EC25DB}.Debug|x64.Build.0 = Debug|x64
		{581FA7DE-2286-4362-BBC1-770569EC25DB}.Debug|x86.ActiveCfg = Debug|Win32
		{581FA7DE-2286-4362-BBC1-770569EC25DB}.Debug|x86.Build.0 = Debug|Win32
		{581FA7DE-2286-4362-BBC1-770569EC25DB}.Release|x64.ActiveCfg = Release|x64
		{581FA7DE-2286-4362-BBC1-770569EC25DB}.Release|x64.Build.0 = Release|x64
		{581FA7DE-2286-4362-BBC1-770569EC25DB}.Release|x86.ActiveCfg = Release|Win32
		{581FA7DE-2286-4362-BBC1-770569EC25DB}.Release|x86.Build.0 = Release|Win32
	EndGlobalSection
	GlobalSection(SolutionProperties) = preSolution
		HideSolutionNode = FALSE
	EndGlobalSection
	GlobalSection(ExtensibilityGlobals) = postSolution
		SolutionGuid = {72DE2317-1EC3-47A0-A20F-1F2B0FCBA771}
	EndGlobalSection
EndGlobal
